
Microsoft Visual Studio Solution File, Format Version 12.00
# Visual Studio Version 17
VisualStudioVersion = 17.0.31903.59
MinimumVisualStudioVersion = 10.0.40219.1
Project("{FAE04EC0-301F-11D3-BF4B-00C04F79EFBC}") = "OopLibrary", "OopLibrary\OopLibrary.csproj", "{BCFAA115-6B2B-47B4-B623-202A89089E76}"
EndProject
Global
	GlobalSection(SolutionConfigurationPlatforms) = preSolution
		Debug|Any CPU = Debug|Any CPU
		Release|Any CPU = Release|Any CPU
	EndGlobalSection
	GlobalSection(ProjectConfigurationPlatforms) = postSolution
		{BCFAA115-6B2B-47B4-B623-202A89089E76}.Debug|Any CPU.ActiveCfg = Debug|Any CPU
		{BCFAA115-6B2B-47B4-B623-202A89089E76}.Debug|Any CPU.Build.0 = Debug|Any CPU
		{BCFAA115-6B2B-47B4-B623-202A89089E76}.Release|Any CPU.ActiveCfg = Release|Any CPU
		{BCFAA115-6B2B-47B4-B623-202A89089E76}.Release|Any CPU.Build.0 = Release|Any CPU
	EndGlobalSection
	GlobalSection(SolutionProperties) = preSolution
		HideSolutionNode = FALSE
	EndGlobalSection
	GlobalSection(ExtensibilityGlobals) = postSolution
		SolutionGuid = {E40F35DF-386F-426A-A62A-09212EDD080D}
	EndGlobalSection
EndGlobal
